
Microsoft Visual Studio Solution File, Format Version 10.00
# Visual Studio 2008
Project("{8BC9CEB8-8B4A-11D0-8D11-00A0C91BC942}") = "arduino", "arduino\arduino.vcproj", "{EB406741-EF76-46EE-9AA2-364DDC9DC543}"
	ProjectSection(ProjectDependencies) = postProject
		{622F146A-1CF9-4F34-873F-6841D6BDAE4C} = {622F146A-1CF9-4F34-873F-6841D6BDAE4C}
	EndProjectSection
EndProject
Project("{8BC9CEB8-8B4A-11D0-8D11-00A0C91BC942}") = "ft800emu", "ft800emu\ft800emu.vcproj", "{622F146A-1CF9-4F34-873F-6841D6BDAE4C}"
EndProject
Project("{8BC9CEB8-8B4A-11D0-8D11-00A0C91BC942}") = "app", "app\app.vcproj", "{45F1274B-52FC-43D0-9BE5-845677CA3E8C}"
	ProjectSection(ProjectDependencies) = postProject
		{EB406741-EF76-46EE-9AA2-364DDC9DC543} = {EB406741-EF76-46EE-9AA2-364DDC9DC543}
		{622F146A-1CF9-4F34-873F-6841D6BDAE4C} = {622F146A-1CF9-4F34-873F-6841D6BDAE4C}
	EndProjectSection
EndProject
Project("{8BC9CEB8-8B4A-11D0-8D11-00A0C91BC942}") = "loaddump", "loaddump\loaddump.vcproj", "{4177D683-1F39-4EFC-A156-216F43DE7C4D}"
	ProjectSection(ProjectDependencies) = postProject
		{622F146A-1CF9-4F34-873F-6841D6BDAE4C} = {622F146A-1CF9-4F34-873F-6841D6BDAE4C}
	EndProjectSection
EndProject
Global
	GlobalSection(SolutionConfigurationPlatforms) = preSolution
		Debug|Win32 = Debug|Win32
		Release|Win32 = Release|Win32
	EndGlobalSection
	GlobalSection(ProjectConfigurationPlatforms) = postSolution
		{EB406741-EF76-46EE-9AA2-364DDC9DC543}.Debug|Win32.ActiveCfg = Debug|Win32
		{EB406741-EF76-46EE-9AA2-364DDC9DC543}.Debug|Win32.Build.0 = Debug|Win32
		{EB406741-EF76-46EE-9AA2-364DDC9DC543}.Release|Win32.ActiveCfg = Release|Win32
		{EB406741-EF76-46EE-9AA2-364DDC9DC543}.Release|Win32.Build.0 = Release|Win32
		{622F146A-1CF9-4F34-873F-6841D6BDAE4C}.Debug|Win32.ActiveCfg = Debug|Win32
		{622F146A-1CF9-4F34-873F-6841D6BDAE4C}.Debug|Win32.Build.0 = Debug|Win32
		{622F146A-1CF9-4F34-873F-6841D6BDAE4C}.Release|Win32.ActiveCfg = Release|Win32
		{622F146A-1CF9-4F34-873F-6841D6BDAE4C}.Release|Win32.Build.0 = Release|Win32
		{45F1274B-52FC-43D0-9BE5-845677CA3E8C}.Debug|Win32.ActiveCfg = Debug|Win32
		{45F1274B-52FC-43D0-9BE5-845677CA3E8C}.Debug|Win32.Build.0 = Debug|Win32
		{45F1274B-52FC-43D0-9BE5-845677CA3E8C}.Release|Win32.ActiveCfg = Release|Win32
		{45F1274B-52FC-43D0-9BE5-845677CA3E8C}.Release|Win32.Build.0 = Release|Win32
		{4177D683-1F39-4EFC-A156-216F43DE7C4D}.Debug|Win32.ActiveCfg = Debug|Win32
		{4177D683-1F39-4EFC-A156-216F43DE7C4D}.Debug|Win32.Build.0 = Debug|Win32
		{4177D683-1F39-4EFC-A156-216F43DE7C4D}.Release|Win32.ActiveCfg = Release|Win32
		{4177D683-1F39-4EFC-A156-216F43DE7C4D}.Release|Win32.Build.0 = Release|Win32
	EndGlobalSection
	GlobalSection(SolutionProperties) = preSolution
		HideSolutionNode = FALSE
	EndGlobalSection
EndGlobal
